
Microsoft Visual Studio Solution File, Format Version 12.00
# Visual Studio Version 17
VisualStudioVersion = 17.0.32112.339
MinimumVisualStudioVersion = 10.0.40219.1
Project("{FAE04EC0-301F-11D3-BF4B-00C04F79EFBC}") = "kattis_cs", "kattis_cs\kattis_cs.csproj", "{88343838-EABD-458E-87FD-CAA4D27B42ED}"
EndProject
Global
	GlobalSection(SolutionConfigurationPlatforms) = preSolution
		Debug|Any CPU = Debug|Any CPU
		Release|Any CPU = Release|Any CPU
	EndGlobalSection
	GlobalSection(ProjectConfigurationPlatforms) = postSolution
		{88343838-EABD-458E-87FD-CAA4D27B42ED}.Debug|Any CPU.ActiveCfg = Debug|Any CPU
		{88343838-EABD-458E-87FD-CAA4D27B42ED}.Debug|Any CPU.Build.0 = Debug|Any CPU
		{88343838-EABD-458E-87FD-CAA4D27B42ED}.Release|Any CPU.ActiveCfg = Release|Any CPU
		{88343838-EABD-458E-87FD-CAA4D27B42ED}.Release|Any CPU.Build.0 = Release|Any CPU
	EndGlobalSection
	GlobalSection(SolutionProperties) = preSolution
		HideSolutionNode = FALSE
	EndGlobalSection
	GlobalSection(ExtensibilityGlobals) = postSolution
		SolutionGuid = {30461D1E-ACEE-4271-942B-53BCC167C82E}
	EndGlobalSection
EndGlobal
